
Microsoft Visual Studio Solution File, Format Version 12.00
# Visual Studio 15
VisualStudioVersion = 15.0.28010.2026
MinimumVisualStudioVersion = 10.0.40219.1
Project("{D2ABAB84-BF74-430A-B69E-9DC6D40DDA17}") = "Project1", "Project1\Project1.dwproj", "{55935480-6B43-448D-BB28-97D327E87931}"
EndProject
Global
	GlobalSection(SolutionConfigurationPlatforms) = preSolution
		Development|Default = Development|Default
	EndGlobalSection
	GlobalSection(ProjectConfigurationPlatforms) = postSolution
		{55935480-6B43-448D-BB28-97D327E87931}.Development|Default.ActiveCfg = Development
		{55935480-6B43-448D-BB28-97D327E87931}.Development|Default.Build.0 = Development
		{55935480-6B43-448D-BB28-97D327E87931}.Development|Default.Deploy.0 = Development
	EndGlobalSection
	GlobalSection(SolutionProperties) = preSolution
		HideSolutionNode = FALSE
	EndGlobalSection
	GlobalSection(ExtensibilityGlobals) = postSolution
		SolutionGuid = {F1BACC62-FC76-4A84-AF8F-CCDEDF1E7794}
	EndGlobalSection
EndGlobal
